Microsoft Visual Studio Solution File, Format Version 12.00
# Visual Studio Version 17
VisualStudioVersion = 17.7.34221.43
MinimumVisualStudioVersion = 10.0.40219.1
Project("{9A19103F-16F7-4668-BE54-9A1E7A4F7556}") = "NUnitTestProject", "NUnitTestProject\NUnitTestProject.csproj", "{49BBDBBF-E0D2-4B9C-A25A-A5FF63F581E3}"
EndProject
Project("{FAE04EC0-301F-11D3-BF4B-00C04F79EFBC}") = "NUnitHomeWork", "NUnitHomeWork\NUnitHomeWork.csproj", "{63652AA2-9126-47E2-B5AC-BC00D9F3EB22}"
EndProject
Global
	GlobalSection(SolutionConfigurationPlatforms) = preSolution
		Debug|Any CPU = Debug|Any CPU
		Release|Any CPU = Release|Any CPU
	EndGlobalSection
	GlobalSection(ProjectConfigurationPlatforms) = postSolution
		{49BBDBBF-E0D2-4B9C-A25A-A5FF63F581E3}.Debug|Any CPU.ActiveCfg = Debug|Any CPU
		{49BBDBBF-E0D2-4B9C-A25A-A5FF63F581E3}.Debug|Any CPU.Build.0 = Debug|Any CPU
		{49BBDBBF-E0D2-4B9C-A25A-A5FF63F581E3}.Release|Any CPU.ActiveCfg = Release|Any CPU
		{49BBDBBF-E0D2-4B9C-A25A-A5FF63F581E3}.Release|Any CPU.Build.0 = Release|Any CPU
		{63652AA2-9126-47E2-B5AC-BC00D9F3EB22}.Debug|Any CPU.ActiveCfg = Debug|Any CPU
		{63652AA2-9126-47E2-B5AC-BC00D9F3EB22}.Debug|Any CPU.Build.0 = Debug|Any CPU
		{63652AA2-9126-47E2-B5AC-BC00D9F3EB22}.Release|Any CPU.ActiveCfg = Release|Any CPU
		{63652AA2-9126-47E2-B5AC-BC00D9F3EB22}.Release|Any CPU.Build.0 = Release|Any CPU
	EndGlobalSection
	GlobalSection(SolutionProperties) = preSolution
		HideSolutionNode = FALSE
	EndGlobalSection
	GlobalSection(ExtensibilityGlobals) = postSolution
		SolutionGuid = {2E4A55F6-AA04-49A5-8CE4-C51FD908C4D6}
	EndGlobalSection
EndGlobal
